github.com/UniversityRadioYork/myradio-go v0.0.0-20231101162857-cf6bb78851a4 h1:36CMjIE6fYB3O4az1o8IIhFwrhJ4ZBpZpKpuun01YM8=
github.com/UniversityRadioYork/myradio-go v0.0.0-20231101162857-cf6bb78851a4/go.mod h1:iFH6u3KFaQ73MR9bfqTThGd7TFUYUe9cAajxxh9E0Z8=
github.com/UniversityRadioYork/myradio-go v0.0.0-20240529141651-325814be9b9f h1:6bXz8Ex42jwjV7+7oIHW4Nqs9LWpSinAhXbro/OVUus=
github.com/UniversityRadioYork/myradio-go v0.0.0-20240529141651-325814be9b9f/go.mod h1:iFH6u3KFaQ73MR9bfqTThGd7TFUYUe9cAajxxh9E0Z8=
github.com/golang-jwt/jwt v3.2.2+incompatible h1:IfV12K8xAKAnZqdXVzCZ+TOjboZ2keLg81eXfW3O+oY=
github.com/golang-jwt/jwt v3.2.2+incompatible/go.mod h1:8pz2t5EyA70fFQQSrl6XZXzqecmYZeUEB8OUGHkxJ+I=
github.com/gorilla/mux v1.8.0 h1:i40aqfkR1h2SlN9hojwV5ZA91wcXFOvkdNIeFDP5koI=
github.com/gorilla/mux v1.8.0/go.mod h1:DVbg23sWSpFRCP0SfiEN6jmj59UnW/n46BH5rLB71So=
github.com/gorilla/securecookie v1.1.1 h1:miw7JPhV+b/lAHSXz4qd/nN9jRiAFV5FwjeKyCS8BvQ=
github.com/gorilla/securecookie v1.1.1/go.mod h1:ra0sb63/xPlUeL+yeDciTfxMRAA+MP+HVt/4epWDjd4=
github.com/gorilla/sessions v1.2.1 h1:DHd3rPN5lE3Ts3D8rKkQ8x/0kqfeNmBAaiSi+o7FsgI=
github.com/gorilla/sessions v1.2.1/go.mod h1:dk2InVEVJ0sfLlnXv9EAgkf6ecYs/i80K/zI+bUmuGM=
github.com/lib/pq v1.10.9 h1:YXG7RB+JIjhP29X+OtkiDnYaXQwpS4JEWq7dtCCRUEw=
github.com/lib/pq v1.10.9/go.mod h1:AlVN5x4E4T544tWzH6hKfbfQvm3HdbOxrmggDNAPY9o=
